// !$*UTF8*$!
{
	archiveVersion = 1;
	classes = {
	};
	objectVersion = 50;
	objects = {

/* Begin PBXBuildFile section */
		C61E4B06225DF1C50060866C /* SnapKit.framework in Frameworks */ = {isa = PBXBuildFile; fileRef = C61E4B05225DF1C50060866C /* SnapKit.framework */; };
		C62AEA13225EAA920084D86F /* Defaults.swift in Sources */ = {isa = PBXBuildFile; fileRef = C62AEA12225EAA920084D86F /* Defaults.swift */; };
		C62AEA15225EAF770084D86F /* API.swift in Sources */ = {isa = PBXBuildFile; fileRef = C62AEA14225EAF770084D86F /* API.swift */; };
		C62AEA17225EC4D90084D86F /* TaskListViewController.swift in Sources */ = {isa = PBXBuildFile; fileRef = C62AEA16225EC4D90084D86F /* TaskListViewController.swift */; };
		C62AEA19225ED5210084D86F /* Task.swift in Sources */ = {isa = PBXBuildFile; fileRef = C62AEA18225ED5210084D86F /* Task.swift */; };
		C62AEA1B22601C9E0084D86F /* TaskCell.swift in Sources */ = {isa = PBXBuildFile; fileRef = C62AEA1A22601C9E0084D86F /* TaskCell.swift */; };
		C62AEA212260332A0084D86F /* ViewControllerUtil.swift in Sources */ = {isa = PBXBuildFile; fileRef = C62AEA202260332A0084D86F /* ViewControllerUtil.swift */; };
		C62AEA2322603BE70084D86F /* AddViewController.swift in Sources */ = {isa = PBXBuildFile; fileRef = C62AEA2222603BE70084D86F /* AddViewController.swift */; };
		C62AEA25226156560084D86F /* File.swift in Sources */ = {isa = PBXBuildFile; fileRef = C62AEA24226156560084D86F /* File.swift */; };
		C62AEA27226156760084D86F /* FileListViewController.swift in Sources */ = {isa = PBXBuildFile; fileRef = C62AEA26226156760084D86F /* FileListViewController.swift */; };
		C669012A225DF034002513A5 /* AppDelegate.swift in Sources */ = {isa = PBXBuildFile; fileRef = C6690129225DF034002513A5 /* AppDelegate.swift */; };
		C6690131225DF036002513A5 /* Assets.xcassets in Resources */ = {isa = PBXBuildFile; fileRef = C6690130225DF036002513A5 /* Assets.xcassets */; };
		C6690134225DF036002513A5 /* LaunchScreen.storyboard in Resources */ = {isa = PBXBuildFile; fileRef = C6690132225DF036002513A5 /* LaunchScreen.storyboard */; };
		C68B918D225DFCF500B4AED4 /* LoginViewController.swift in Sources */ = {isa = PBXBuildFile; fileRef = C669012B225DF034002513A5 /* LoginViewController.swift */; };
		C6C5359C2335A0BE001C3BC5 /* Colors.swift in Sources */ = {isa = PBXBuildFile; fileRef = C6C5359B2335A0BE001C3BC5 /* Colors.swift */; };
/* End PBXBuildFile section */

/* Begin PBXFileReference section */
		C61E4B05225DF1C50060866C /* SnapKit.framework */ = {isa = PBXFileReference; lastKnownFileType = wrapper.framework; name = SnapKit.framework; path = Carthage/Build/iOS/SnapKit.framework; sourceTree = SOURCE_ROOT; };
		C62AEA12225EAA920084D86F /* Defaults.swift */ = {isa = PBXFileReference; lastKnownFileType = sourcecode.swift; path = Defaults.swift; sourceTree = "<group>"; };
		C62AEA14225EAF770084D86F /* API.swift */ = {isa = PBXFileReference; lastKnownFileType = sourcecode.swift; path = API.swift; sourceTree = "<group>"; };
		C62AEA16225EC4D90084D86F /* TaskListViewController.swift */ = {isa = PBXFileReference; lastKnownFileType = sourcecode.swift; path = TaskListViewController.swift; sourceTree = "<group>"; };
		C62AEA18225ED5210084D86F /* Task.swift */ = {isa = PBXFileReference; lastKnownFileType = sourcecode.swift; path = Task.swift; sourceTree = "<group>"; };
		C62AEA1A22601C9E0084D86F /* TaskCell.swift */ = {isa = PBXFileReference; lastKnownFileType = sourcecode.swift; path = TaskCell.swift; sourceTree = "<group>"; };
		C62AEA202260332A0084D86F /* ViewControllerUtil.swift */ = {isa = PBXFileReference; lastKnownFileType = sourcecode.swift; path = ViewControllerUtil.swift; sourceTree = "<group>"; };
		C62AEA2222603BE70084D86F /* AddViewController.swift */ = {isa = PBXFileReference; lastKnownFileType = sourcecode.swift; path = AddViewController.swift; sourceTree = "<group>"; };
		C62AEA24226156560084D86F /* File.swift */ = {isa = PBXFileReference; lastKnownFileType = sourcecode.swift; path = File.swift; sourceTree = "<group>"; };
		C62AEA26226156760084D86F /* FileListViewController.swift */ = {isa = PBXFileReference; lastKnownFileType = sourcecode.swift; path = FileListViewController.swift; sourceTree = "<group>"; };
		C6690126225DF034002513A5 /* DSGet.app */ = {isa = PBXFileReference; explicitFileType = wrapper.application; includeInIndex = 0; path = DSGet.app; sourceTree = BUILT_PRODUCTS_DIR; };
		C6690129225DF034002513A5 /* AppDelegate.swift */ = {isa = PBXFileReference; lastKnownFileType = sourcecode.swift; path = AppDelegate.swift; sourceTree = "<group>"; };
		C669012B225DF034002513A5 /* LoginViewController.swift */ = {isa = PBXFileReference; lastKnownFileType = sourcecode.swift; path = LoginViewController.swift; sourceTree = "<group>"; };
		C6690130225DF036002513A5 /* Assets.xcassets */ = {isa = PBXFileReference; lastKnownFileType = folder.assetcatalog; path = Assets.xcassets; sourceTree = "<group>"; };
		C6690133225DF036002513A5 /* Base */ = {isa = PBXFileReference; lastKnownFileType = file.storyboard; name = Base; path = Base.lproj/LaunchScreen.storyboard; sourceTree = "<group>"; };
		C6690135225DF036002513A5 /* Info.plist */ = {isa = PBXFileReference; lastKnownFileType = text.plist.xml; path = Info.plist; sourceTree = "<group>"; };
		C6C5359B2335A0BE001C3BC5 /* Colors.swift */ = {isa = PBXFileReference; lastKnownFileType = sourcecode.swift; path = Colors.swift; sourceTree = "<group>"; };
/* End PBXFileReference section */

/* Begin PBXFrameworksBuildPhase section */
		C6690123225DF034002513A5 /* Frameworks */ = {
			isa = PBXFrameworksBuildPhase;
			buildActionMask = 2147483647;
			files = (
				C61E4B06225DF1C50060866C /* SnapKit.framework in Frameworks */,
			);
			runOnlyForDeploymentPostprocessing = 0;
		};
/* End PBXFrameworksBuildPhase section */

/* Begin PBXGroup section */
		C669011D225DF034002513A5 = {
			isa = PBXGroup;
			children = (
				C6690128225DF034002513A5 /* DSGet */,
				C6690127225DF034002513A5 /* Products */,
			);
			sourceTree = "<group>";
		};
		C6690127225DF034002513A5 /* Products */ = {
			isa = PBXGroup;
			children = (
				C6690126225DF034002513A5 /* DSGet.app */,
			);
			name = Products;
			sourceTree = "<group>";
		};
		C6690128225DF034002513A5 /* DSGet */ = {
			isa = PBXGroup;
			children = (
				C6690130225DF036002513A5 /* Assets.xcassets */,
				C62AEA2222603BE70084D86F /* AddViewController.swift */,
				C62AEA14225EAF770084D86F /* API.swift */,
				C6690129225DF034002513A5 /* AppDelegate.swift */,
				C6C5359B2335A0BE001C3BC5 /* Colors.swift */,
				C62AEA12225EAA920084D86F /* Defaults.swift */,
				C62AEA24226156560084D86F /* File.swift */,
				C62AEA26226156760084D86F /* FileListViewController.swift */,
				C6690135225DF036002513A5 /* Info.plist */,
				C6690132225DF036002513A5 /* LaunchScreen.storyboard */,
				C669012B225DF034002513A5 /* LoginViewController.swift */,
				C62AEA18225ED5210084D86F /* Task.swift */,
				C62AEA1A22601C9E0084D86F /* TaskCell.swift */,
				C62AEA16225EC4D90084D86F /* TaskListViewController.swift */,
				C62AEA202260332A0084D86F /* ViewControllerUtil.swift */,
				C61E4B05225DF1C50060866C /* SnapKit.framework */,
			);
			path = DSGet;
			sourceTree = "<group>";
		};
/* End PBXGroup section */

/* Begin PBXNativeTarget section */
		C6690125225DF034002513A5 /* DSGet */ = {
			isa = PBXNativeTarget;
			buildConfigurationList = C6690138225DF036002513A5 /* Build configuration list for PBXNativeTarget "DSGet" */;
			buildPhases = (
				C6690122225DF034002513A5 /* Sources */,
				C61E4B07225DF1FE0060866C /* ShellScript */,
				C6690123225DF034002513A5 /* Frameworks */,
				C6690124225DF034002513A5 /* Resources */,
				C61E4B08225DF27B0060866C /* ShellScript */,
			);
			buildRules = (
			);
			dependencies = (
			);
			name = DSGet;
			productName = DSGet;
			productReference = C6690126225DF034002513A5 /* DSGet.app */;
			productType = "com.apple.product-type.application";
		};
/* End PBXNativeTarget section */

/* Begin PBXProject section */
		C669011E225DF034002513A5 /* Project object */ = {
			isa = PBXProject;
			attributes = {
				LastSwiftUpdateCheck = 1020;
				LastUpgradeCheck = 1020;
				ORGANIZATIONNAME = jcaffrey;
				TargetAttributes = {
					C6690125225DF034002513A5 = {
						CreatedOnToolsVersion = 10.2;
					};
				};
			};
			buildConfigurationList = C6690121225DF034002513A5 /* Build configuration list for PBXProject "DSGet" */;
			compatibilityVersion = "Xcode 9.3";
			developmentRegion = en;
			hasScannedForEncodings = 0;
			knownRegions = (
				en,
				Base,
			);
			mainGroup = C669011D225DF034002513A5;
			productRefGroup = C6690127225DF034002513A5 /* Products */;
			projectDirPath = "";
			projectRoot = "";
			targets = (
				C6690125225DF034002513A5 /* DSGet */,
			);
		};
/* End PBXProject section */

/* Begin PBXResourcesBuildPhase section */
		C6690124225DF034002513A5 /* Resources */ = {
			isa = PBXResourcesBuildPhase;
			buildActionMask = 2147483647;
			files = (
				C6690134225DF036002513A5 /* LaunchScreen.storyboard in Resources */,
				C6690131225DF036002513A5 /* Assets.xcassets in Resources */,
			);
			runOnlyForDeploymentPostprocessing = 0;
		};
/* End PBXResourcesBuildPhase section */

/* Begin PBXShellScriptBuildPhase section */
		C61E4B07225DF1FE0060866C /* ShellScript */ = {
			isa = PBXShellScriptBuildPhase;
			buildActionMask = 2147483647;
			files = (
			);
			inputFileListPaths = (
			);
			inputPaths = (
				"$(SRCROOT)/Carthage/Build/iOS/SnapKit.framework",
			);
			outputFileListPaths = (
			);
			outputPaths = (
				"$(SRCROOT)/Carthage/Build/iOS/Alamofire.framework",
			);
			runOnlyForDeploymentPostprocessing = 0;
			shellPath = /bin/sh;
			shellScript = "# Type a script or drag a script file from your workspace to insert its path.\n/usr/local/bin/carthage copy-frameworks\n";
		};
		C61E4B08225DF27B0060866C /* ShellScript */ = {
			isa = PBXShellScriptBuildPhase;
			buildActionMask = 2147483647;
			files = (
			);
			inputFileListPaths = (
			);
			inputPaths = (
			);
			outputFileListPaths = (
			);
			outputPaths = (
			);
			runOnlyForDeploymentPostprocessing = 0;
			shellPath = /bin/sh;
			shellScript = "if which swiftlint >/dev/null; then\n  swiftlint\nelse\n  echo \"warning: SwiftLint not installed, download from https://github.com/realm/SwiftLint\"\nfi\n";
		};
/* End PBXShellScriptBuildPhase section */

/* Begin PBXSourcesBuildPhase section */
		C6690122225DF034002513A5 /* Sources */ = {
			isa = PBXSourcesBuildPhase;
			buildActionMask = 2147483647;
			files = (
				C62AEA212260332A0084D86F /* ViewControllerUtil.swift in Sources */,
				C6C5359C2335A0BE001C3BC5 /* Colors.swift in Sources */,
				C62AEA13225EAA920084D86F /* Defaults.swift in Sources */,
				C62AEA2322603BE70084D86F /* AddViewController.swift in Sources */,
				C62AEA1B22601C9E0084D86F /* TaskCell.swift in Sources */,
				C68B918D225DFCF500B4AED4 /* LoginViewController.swift in Sources */,
				C62AEA25226156560084D86F /* File.swift in Sources */,
				C62AEA15225EAF770084D86F /* API.swift in Sources */,
				C669012A225DF034002513A5 /* AppDelegate.swift in Sources */,
				C62AEA27226156760084D86F /* FileListViewController.swift in Sources */,
				C62AEA19225ED5210084D86F /* Task.swift in Sources */,
				C62AEA17225EC4D90084D86F /* TaskListViewController.swift in Sources */,
			);
			runOnlyForDeploymentPostprocessing = 0;
		};
/* End PBXSourcesBuildPhase section */

/* Begin PBXVariantGroup section */
		C6690132225DF036002513A5 /* LaunchScreen.storyboard */ = {
			isa = PBXVariantGroup;
			children = (
				C6690133225DF036002513A5 /* Base */,
			);
			name = LaunchScreen.storyboard;
			sourceTree = "<group>";
		};
/* End PBXVariantGroup section */

/* Begin XCBuildConfiguration section */
		C6690136225DF036002513A5 /* Debug */ = {
			isa = XCBuildConfiguration;
			buildSettings = {
				ALWAYS_SEARCH_USER_PATHS = NO;
				CLANG_ANALYZER_NONNULL = YES;
				CLANG_ANALYZER_NUMBER_OBJECT_CONVERSION = YES_AGGRESSIVE;
				CLANG_CXX_LANGUAGE_STANDARD = "gnu++14";
				CLANG_CXX_LIBRARY = "libc++";
				CLANG_ENABLE_MODULES = YES;
				CLANG_ENABLE_OBJC_ARC = YES;
				CLANG_ENABLE_OBJC_WEAK = YES;
				CLANG_WARN_BLOCK_CAPTURE_AUTORELEASING = YES;
				CLANG_WARN_BOOL_CONVERSION = YES;
				CLANG_WARN_COMMA = YES;
				CLANG_WARN_CONSTANT_CONVERSION = YES;
				CLANG_WARN_DEPRECATED_OBJC_IMPLEMENTATIONS = YES;
				CLANG_WARN_DIRECT_OBJC_ISA_USAGE = YES_ERROR;
				CLANG_WARN_DOCUMENTATION_COMMENTS = YES;
				CLANG_WARN_EMPTY_BODY = YES;
				CLANG_WARN_ENUM_CONVERSION = YES;
				CLANG_WARN_INFINITE_RECURSION = YES;
				CLANG_WARN_INT_CONVERSION = YES;
				CLANG_WARN_NON_LITERAL_NULL_CONVERSION = YES;
				CLANG_WARN_OBJC_IMPLICIT_RETAIN_SELF = YES;
				CLANG_WARN_OBJC_LITERAL_CONVERSION = YES;
				CLANG_WARN_OBJC_ROOT_CLASS = YES_ERROR;
				CLANG_WARN_RANGE_LOOP_ANALYSIS = YES;
				CLANG_WARN_STRICT_PROTOTYPES = YES;
				CLANG_WARN_SUSPICIOUS_MOVE = YES;
				CLANG_WARN_UNGUARDED_AVAILABILITY = YES_AGGRESSIVE;
				CLANG_WARN_UNREACHABLE_CODE = YES;
				CLANG_WARN__DUPLICATE_METHOD_MATCH = YES;
				CODE_SIGN_IDENTITY = "iPhone Developer";
				COPY_PHASE_STRIP = NO;
				DEBUG_INFORMATION_FORMAT = dwarf;
				ENABLE_STRICT_OBJC_MSGSEND = YES;
				ENABLE_TESTABILITY = YES;
				GCC_C_LANGUAGE_STANDARD = gnu11;
				GCC_DYNAMIC_NO_PIC = NO;
				GCC_NO_COMMON_BLOCKS = YES;
				GCC_OPTIMIZATION_LEVEL = 0;
				GCC_PREPROCESSOR_DEFINITIONS = (
					"DEBUG=1",
					"$(inherited)",
				);
				GCC_WARN_64_TO_32_BIT_CONVERSION = YES;
				GCC_WARN_ABOUT_RETURN_TYPE = YES_ERROR;
				GCC_WARN_UNDECLARED_SELECTOR = YES;
				GCC_WARN_UNINITIALIZED_AUTOS = YES_AGGRESSIVE;
				GCC_WARN_UNUSED_FUNCTION = YES;
				GCC_WARN_UNUSED_VARIABLE = YES;
				IPHONEOS_DEPLOYMENT_TARGET = 12.2;
				MTL_ENABLE_DEBUG_INFO = INCLUDE_SOURCE;
				MTL_FAST_MATH = YES;
				ONLY_ACTIVE_ARCH = YES;
				SDKROOT = iphoneos;
				SWIFT_ACTIVE_COMPILATION_CONDITIONS = DEBUG;
				SWIFT_OPTIMIZATION_LEVEL = "-Onone";
			};
			name = Debug;
		};
		C6690137225DF036002513A5 /* Release */ = {
			isa = XCBuildConfiguration;
			buildSettings = {
				ALWAYS_SEARCH_USER_PATHS = NO;
				CLANG_ANALYZER_NONNULL = YES;
				CLANG_ANALYZER_NUMBER_OBJECT_CONVERSION = YES_AGGRESSIVE;
				CLANG_CXX_LANGUAGE_STANDARD = "gnu++14";
				CLANG_CXX_LIBRARY = "libc++";
				CLANG_ENABLE_MODULES = YES;
				CLANG_ENABLE_OBJC_ARC = YES;
				CLANG_ENABLE_OBJC_WEAK = YES;
				CLANG_WARN_BLOCK_CAPTURE_AUTORELEASING = YES;
				CLANG_WARN_BOOL_CONVERSION = YES;
				CLANG_WARN_COMMA = YES;
				CLANG_WARN_CONSTANT_CONVERSION = YES;
				CLANG_WARN_DEPRECATED_OBJC_IMPLEMENTATIONS = YES;
				CLANG_WARN_DIRECT_OBJC_ISA_USAGE = YES_ERROR;
				CLANG_WARN_DOCUMENTATION_COMMENTS = YES;
				CLANG_WARN_EMPTY_BODY = YES;
				CLANG_WARN_ENUM_CONVERSION = YES;
				CLANG_WARN_INFINITE_RECURSION = YES;
				CLANG_WARN_INT_CONVERSION = YES;
				CLANG_WARN_NON_LITERAL_NULL_CONVERSION = YES;
				CLANG_WARN_OBJC_IMPLICIT_RETAIN_SELF = YES;
				CLANG_WARN_OBJC_LITERAL_CONVERSION = YES;
				CLANG_WARN_OBJC_ROOT_CLASS = YES_ERROR;
				CLANG_WARN_RANGE_LOOP_ANALYSIS = YES;
				CLANG_WARN_STRICT_PROTOTYPES = YES;
				CLANG_WARN_SUSPICIOUS_MOVE = YES;
				CLANG_WARN_UNGUARDED_AVAILABILITY = YES_AGGRESSIVE;
				CLANG_WARN_UNREACHABLE_CODE = YES;
				CLANG_WARN__DUPLICATE_METHOD_MATCH = YES;
				CODE_SIGN_IDENTITY = "iPhone Developer";
				COPY_PHASE_STRIP = NO;
				DEBUG_INFORMATION_FORMAT = "dwarf-with-dsym";
				ENABLE_NS_ASSERTIONS = NO;
				ENABLE_STRICT_OBJC_MSGSEND = YES;
				GCC_C_LANGUAGE_STANDARD = gnu11;
				GCC_NO_COMMON_BLOCKS = YES;
				GCC_WARN_64_TO_32_BIT_CONVERSION = YES;
				GCC_WARN_ABOUT_RETURN_TYPE = YES_ERROR;
				GCC_WARN_UNDECLARED_SELECTOR = YES;
				GCC_WARN_UNINITIALIZED_AUTOS = YES_AGGRESSIVE;
				GCC_WARN_UNUSED_FUNCTION = YES;
				GCC_WARN_UNUSED_VARIABLE = YES;
				IPHONEOS_DEPLOYMENT_TARGET = 12.2;
				MTL_ENABLE_DEBUG_INFO = NO;
				MTL_FAST_MATH = YES;
				SDKROOT = iphoneos;
				SWIFT_COMPILATION_MODE = wholemodule;
				SWIFT_OPTIMIZATION_LEVEL = "-O";
				VALIDATE_PRODUCT = YES;
			};
			name = Release;
		};
		C6690139225DF036002513A5 /* Debug */ = {
			isa = XCBuildConfiguration;
			buildSettings = {
				ASSETCATALOG_COMPILER_APPICON_NAME = AppIcon;
				CODE_SIGN_STYLE = Automatic;
				DEVELOPMENT_TEAM = JD9296YG3D;
				FRAMEWORK_SEARCH_PATHS = (
					"$(inherited)",
					"$(PROJECT_DIR)/Carthage/Build/iOS",
				);
				INFOPLIST_FILE = DSGet/Info.plist;
				LD_RUNPATH_SEARCH_PATHS = (
					"$(inherited)",
					"@executable_path/Frameworks",
				);
				PRODUCT_BUNDLE_IDENTIFIER = com.jcaffrey.DSGet;
				PRODUCT_NAME = "$(TARGET_NAME)";
				SWIFT_VERSION = 5.0;
				TARGETED_DEVICE_FAMILY = "1,2";
			};
			name = Debug;
		};
		C669013A225DF036002513A5 /* Release */ = {
			isa = XCBuildConfiguration;
			buildSettings = {
				ASSETCATALOG_COMPILER_APPICON_NAME = AppIcon;
				CODE_SIGN_STYLE = Automatic;
				DEVELOPMENT_TEAM = JD9296YG3D;
				FRAMEWORK_SEARCH_PATHS = (
					"$(inherited)",
					"$(PROJECT_DIR)/Carthage/Build/iOS",
				);
				INFOPLIST_FILE = DSGet/Info.plist;
				LD_RUNPATH_SEARCH_PATHS = (
					"$(inherited)",
					"@executable_path/Frameworks",
				);
				PRODUCT_BUNDLE_IDENTIFIER = com.jcaffrey.DSGet;
				PRODUCT_NAME = "$(TARGET_NAME)";
				SWIFT_VERSION = 5.0;
				TARGETED_DEVICE_FAMILY = "1,2";
			};
			name = Release;
		};
/* End XCBuildConfiguration section */

/* Begin XCConfigurationList section */
		C6690121225DF034002513A5 /* Build configuration list for PBXProject "DSGet" */ = {
			isa = XCConfigurationList;
			buildConfigurations = (
				C6690136225DF036002513A5 /* Debug */,
				C6690137225DF036002513A5 /* Release */,
			);
			defaultConfigurationIsVisible = 0;
			defaultConfigurationName = Release;
		};
		C6690138225DF036002513A5 /* Build configuration list for PBXNativeTarget "DSGet" */ = {
			isa = XCConfigurationList;
			buildConfigurations = (
				C6690139225DF036002513A5 /* Debug */,
				C669013A225DF036002513A5 /* Release */,
			);
			defaultConfigurationIsVisible = 0;
			defaultConfigurationName = Release;
		};
/* End XCConfigurationList section */
	};
	rootObject = C669011E225DF034002513A5 /* Project object */;
}
